// !$*UTF8*$!
{
	archiveVersion = 1;
	classes = {
	};
	objectVersion = 50;
	objects = {

/* Begin PBXBuildFile section */
		E02282BC2577CD1200AD28DD /* Litter&PuppyTest.swift in Sources */ = {isa = PBXBuildFile; fileRef = E02282BB2577CD1200AD28DD /* Litter&PuppyTest.swift */; };
		E02282C62577DF0100AD28DD /* CreateLitterViewController.swift in Sources */ = {isa = PBXBuildFile; fileRef = E02282C52577DF0100AD28DD /* CreateLitterViewController.swift */; };
		E02282D52577F02300AD28DD /* CreatePuppyViewController.swift in Sources */ = {isa = PBXBuildFile; fileRef = E02282D42577F02300AD28DD /* CreatePuppyViewController.swift */; };
		E07FEE3D257A81480023232E /* Treatement+PuppyTests.swift in Sources */ = {isa = PBXBuildFile; fileRef = E07FEE3C257A81480023232E /* Treatement+PuppyTests.swift */; };
		E0952F57256C0D9000D09424 /* DogListTableViewController.swift in Sources */ = {isa = PBXBuildFile; fileRef = E0952F56256C0D9000D09424 /* DogListTableViewController.swift */; };
		E0952F64256C280800D09424 /* CreateDogViewController.swift in Sources */ = {isa = PBXBuildFile; fileRef = E0952F63256C280800D09424 /* CreateDogViewController.swift */; };
		E0952F69256C28B300D09424 /* UIButton+Layer.swift in Sources */ = {isa = PBXBuildFile; fileRef = E0952F68256C28B300D09424 /* UIButton+Layer.swift */; };
		E0952F6F256C2FAA00D09424 /* PickerViewManager.swift in Sources */ = {isa = PBXBuildFile; fileRef = E0952F6E256C2FAA00D09424 /* PickerViewManager.swift */; };
		E0952F77256D0F5400D09424 /* OptionalString+DefaultValue.swift in Sources */ = {isa = PBXBuildFile; fileRef = E0952F76256D0F5400D09424 /* OptionalString+DefaultValue.swift */; };
		E0952F7E256D1E5300D09424 /* DetailDogViewController.swift in Sources */ = {isa = PBXBuildFile; fileRef = E0952F7D256D1E5300D09424 /* DetailDogViewController.swift */; };
		E0952F88256D204900D09424 /* SplitViewController.swift in Sources */ = {isa = PBXBuildFile; fileRef = E0952F87256D204900D09424 /* SplitViewController.swift */; };
		E0BE1EE42571480E00E9EEFA /* TreatementTest.swift in Sources */ = {isa = PBXBuildFile; fileRef = E0BE1EE32571480E00E9EEFA /* TreatementTest.swift */; };
		E0BE1EE8257151E200E9EEFA /* CreateTreatementViewController.swift in Sources */ = {isa = PBXBuildFile; fileRef = E0BE1EE7257151E200E9EEFA /* CreateTreatementViewController.swift */; };
		E0BE1EEC25715A9400E9EEFA /* Notifcation.Name.swift in Sources */ = {isa = PBXBuildFile; fileRef = E0BE1EEB25715A9400E9EEFA /* Notifcation.Name.swift */; };
		E0BE1EF52571631500E9EEFA /* DetailTreatementViewController.swift in Sources */ = {isa = PBXBuildFile; fileRef = E0BE1EF42571631500E9EEFA /* DetailTreatementViewController.swift */; };
		E0BE1EFB25716F4200E9EEFA /* UIView+Constraints.swift in Sources */ = {isa = PBXBuildFile; fileRef = E0BE1EFA25716F4200E9EEFA /* UIView+Constraints.swift */; };
		E0C8FA71256C09E900029BDB /* Constants.swift in Sources */ = {isa = PBXBuildFile; fileRef = E0C8FA70256C09E900029BDB /* Constants.swift */; };
		E0C8FA79256C0A9500029BDB /* DogMenuCell.swift in Sources */ = {isa = PBXBuildFile; fileRef = E0C8FA77256C0A9500029BDB /* DogMenuCell.swift */; };
		E0C8FA7A256C0A9500029BDB /* DogMenuCell.xib in Resources */ = {isa = PBXBuildFile; fileRef = E0C8FA78256C0A9500029BDB /* DogMenuCell.xib */; };
		E0C8FA83256C0B6600029BDB /* ImageView+Helpers.swift in Sources */ = {isa = PBXBuildFile; fileRef = E0C8FA82256C0B6600029BDB /* ImageView+Helpers.swift */; };
		E0CDC2772578E4BF008D22CB /* DogSex.swift in Sources */ = {isa = PBXBuildFile; fileRef = E0CDC2762578E4BF008D22CB /* DogSex.swift */; };
		E0CDC2862578E7A9008D22CB /* Project_Asgard.xcdatamodeld in Sources */ = {isa = PBXBuildFile; fileRef = E0CDC2842578E7A9008D22CB /* Project_Asgard.xcdatamodeld */; };
		E0E44BE9256BFF860086F451 /* AppDelegate.swift in Sources */ = {isa = PBXBuildFile; fileRef = E0E44BE8256BFF860086F451 /* AppDelegate.swift */; };
		E0E44BEB256BFF860086F451 /* SceneDelegate.swift in Sources */ = {isa = PBXBuildFile; fileRef = E0E44BEA256BFF860086F451 /* SceneDelegate.swift */; };
		E0E44BF0256BFF860086F451 /* Main.storyboard in Resources */ = {isa = PBXBuildFile; fileRef = E0E44BEE256BFF860086F451 /* Main.storyboard */; };
		E0E44BF5256BFF870086F451 /* Assets.xcassets in Resources */ = {isa = PBXBuildFile; fileRef = E0E44BF4256BFF870086F451 /* Assets.xcassets */; };
		E0E44BF8256BFF870086F451 /* LaunchScreen.storyboard in Resources */ = {isa = PBXBuildFile; fileRef = E0E44BF6256BFF870086F451 /* LaunchScreen.storyboard */; };
		E0E44C03256BFF870086F451 /* Project_AsgardTests.swift in Sources */ = {isa = PBXBuildFile; fileRef = E0E44C02256BFF870086F451 /* Project_AsgardTests.swift */; };
		E0E44C2D256C00C20086F451 /* CoreDataStack.swift in Sources */ = {isa = PBXBuildFile; fileRef = E0E44C2C256C00C20086F451 /* CoreDataStack.swift */; };
		E0E44C34256C02740086F451 /* CoreDataManager.swift in Sources */ = {isa = PBXBuildFile; fileRef = E0E44C33256C02740086F451 /* CoreDataManager.swift */; };
		E0E44C3A256C03010086F451 /* MokeCoreDataStack.swift in Sources */ = {isa = PBXBuildFile; fileRef = E0E44C39256C03010086F451 /* MokeCoreDataStack.swift */; };
		E0E44C42256C04D40086F451 /* DogTest.swift in Sources */ = {isa = PBXBuildFile; fileRef = E0E44C41256C04D40086F451 /* DogTest.swift */; };
		E0ED833225729617003E6BA2 /* UIAlertController+setValues.swift in Sources */ = {isa = PBXBuildFile; fileRef = E0ED833125729617003E6BA2 /* UIAlertController+setValues.swift */; };
		E0ED833725730C0C003E6BA2 /* LitterViewController.swift in Sources */ = {isa = PBXBuildFile; fileRef = E0ED833625730C0C003E6BA2 /* LitterViewController.swift */; };
		E0EFA68B256FEA4100CB2BE6 /* Date+String.swift in Sources */ = {isa = PBXBuildFile; fileRef = E0EFA68A256FEA4100CB2BE6 /* Date+String.swift */; };
		E0F2568F2571444900D45094 /* TreatementViewController.swift in Sources */ = {isa = PBXBuildFile; fileRef = E0F2568E2571444900D45094 /* TreatementViewController.swift */; };
/* End PBXBuildFile section */

/* Begin PBXContainerItemProxy section */
		E0E44BFF256BFF870086F451 /* PBXContainerItemProxy */ = {
			isa = PBXContainerItemProxy;
			containerPortal = E0E44BDD256BFF860086F451 /* Project object */;
			proxyType = 1;
			remoteGlobalIDString = E0E44BE4256BFF860086F451;
			remoteInfo = "Project Asgard";
		};
/* End PBXContainerItemProxy section */

/* Begin PBXFileReference section */
		E02282BB2577CD1200AD28DD /* Litter&PuppyTest.swift */ = {isa = PBXFileReference; lastKnownFileType = sourcecode.swift; path = "Litter&PuppyTest.swift"; sourceTree = "<group>"; };
		E02282C52577DF0100AD28DD /* CreateLitterViewController.swift */ = {isa = PBXFileReference; lastKnownFileType = sourcecode.swift; path = CreateLitterViewController.swift; sourceTree = "<group>"; };
		E02282D42577F02300AD28DD /* CreatePuppyViewController.swift */ = {isa = PBXFileReference; lastKnownFileType = sourcecode.swift; path = CreatePuppyViewController.swift; sourceTree = "<group>"; };
		E07FEE3C257A81480023232E /* Treatement+PuppyTests.swift */ = {isa = PBXFileReference; lastKnownFileType = sourcecode.swift; path = "Treatement+PuppyTests.swift"; sourceTree = "<group>"; };
		E0952F56256C0D9000D09424 /* DogListTableViewController.swift */ = {isa = PBXFileReference; lastKnownFileType = sourcecode.swift; path = DogListTableViewController.swift; sourceTree = "<group>"; };
		E0952F63256C280800D09424 /* CreateDogViewController.swift */ = {isa = PBXFileReference; lastKnownFileType = sourcecode.swift; path = CreateDogViewController.swift; sourceTree = "<group>"; };
		E0952F68256C28B300D09424 /* UIButton+Layer.swift */ = {isa = PBXFileReference; lastKnownFileType = sourcecode.swift; path = "UIButton+Layer.swift"; sourceTree = "<group>"; };
		E0952F6E256C2FAA00D09424 /* PickerViewManager.swift */ = {isa = PBXFileReference; lastKnownFileType = sourcecode.swift; path = PickerViewManager.swift; sourceTree = "<group>"; };
		E0952F76256D0F5400D09424 /* OptionalString+DefaultValue.swift */ = {isa = PBXFileReference; lastKnownFileType = sourcecode.swift; path = "OptionalString+DefaultValue.swift"; sourceTree = "<group>"; };
		E0952F7D256D1E5300D09424 /* DetailDogViewController.swift */ = {isa = PBXFileReference; lastKnownFileType = sourcecode.swift; path = DetailDogViewController.swift; sourceTree = "<group>"; };
		E0952F87256D204900D09424 /* SplitViewController.swift */ = {isa = PBXFileReference; lastKnownFileType = sourcecode.swift; path = SplitViewController.swift; sourceTree = "<group>"; };
		E0BE1EE32571480E00E9EEFA /* TreatementTest.swift */ = {isa = PBXFileReference; lastKnownFileType = sourcecode.swift; path = TreatementTest.swift; sourceTree = "<group>"; };
		E0BE1EE7257151E200E9EEFA /* CreateTreatementViewController.swift */ = {isa = PBXFileReference; lastKnownFileType = sourcecode.swift; path = CreateTreatementViewController.swift; sourceTree = "<group>"; };
		E0BE1EEB25715A9400E9EEFA /* Notifcation.Name.swift */ = {isa = PBXFileReference; lastKnownFileType = sourcecode.swift; path = Notifcation.Name.swift; sourceTree = "<group>"; };
		E0BE1EF42571631500E9EEFA /* DetailTreatementViewController.swift */ = {isa = PBXFileReference; lastKnownFileType = sourcecode.swift; path = DetailTreatementViewController.swift; sourceTree = "<group>"; };
		E0BE1EFA25716F4200E9EEFA /* UIView+Constraints.swift */ = {isa = PBXFileReference; lastKnownFileType = sourcecode.swift; path = "UIView+Constraints.swift"; sourceTree = "<group>"; };
		E0C8FA70256C09E900029BDB /* Constants.swift */ = {isa = PBXFileReference; lastKnownFileType = sourcecode.swift; path = Constants.swift; sourceTree = "<group>"; };
		E0C8FA77256C0A9500029BDB /* DogMenuCell.swift */ = {isa = PBXFileReference; lastKnownFileType = sourcecode.swift; path = DogMenuCell.swift; sourceTree = "<group>"; };
		E0C8FA78256C0A9500029BDB /* DogMenuCell.xib */ = {isa = PBXFileReference; lastKnownFileType = file.xib; path = DogMenuCell.xib; sourceTree = "<group>"; };
		E0C8FA82256C0B6600029BDB /* ImageView+Helpers.swift */ = {isa = PBXFileReference; lastKnownFileType = sourcecode.swift; path = "ImageView+Helpers.swift"; sourceTree = "<group>"; };
		E0CDC2762578E4BF008D22CB /* DogSex.swift */ = {isa = PBXFileReference; lastKnownFileType = sourcecode.swift; path = DogSex.swift; sourceTree = "<group>"; };
		E0CDC2852578E7A9008D22CB /* Project_Asgard.xcdatamodel */ = {isa = PBXFileReference; lastKnownFileType = wrapper.xcdatamodel; path = Project_Asgard.xcdatamodel; sourceTree = "<group>"; };
		E0E44BE5256BFF860086F451 /* Project Asgard.app */ = {isa = PBXFileReference; explicitFileType = wrapper.application; includeInIndex = 0; path = "Project Asgard.app"; sourceTree = BUILT_PRODUCTS_DIR; };
		E0E44BE8256BFF860086F451 /* AppDelegate.swift */ = {isa = PBXFileReference; lastKnownFileType = sourcecode.swift; path = AppDelegate.swift; sourceTree = "<group>"; };
		E0E44BEA256BFF860086F451 /* SceneDelegate.swift */ = {isa = PBXFileReference; lastKnownFileType = sourcecode.swift; path = SceneDelegate.swift; sourceTree = "<group>"; };
		E0E44BEF256BFF860086F451 /* Base */ = {isa = PBXFileReference; lastKnownFileType = file.storyboard; name = Base; path = Base.lproj/Main.storyboard; sourceTree = "<group>"; };
		E0E44BF4256BFF870086F451 /* Assets.xcassets */ = {isa = PBXFileReference; lastKnownFileType = folder.assetcatalog; path = Assets.xcassets; sourceTree = "<group>"; };
		E0E44BF7256BFF870086F451 /* Base */ = {isa = PBXFileReference; lastKnownFileType = file.storyboard; name = Base; path = Base.lproj/LaunchScreen.storyboard; sourceTree = "<group>"; };
		E0E44BF9256BFF870086F451 /* Info.plist */ = {isa = PBXFileReference; lastKnownFileType = text.plist.xml; path = Info.plist; sourceTree = "<group>"; };
		E0E44BFE256BFF870086F451 /* Project AsgardTests.xctest */ = {isa = PBXFileReference; explicitFileType = wrapper.cfbundle; includeInIndex = 0; path = "Project AsgardTests.xctest"; sourceTree = BUILT_PRODUCTS_DIR; };
		E0E44C02256BFF870086F451 /* Project_AsgardTests.swift */ = {isa = PBXFileReference; lastKnownFileType = sourcecode.swift; path = Project_AsgardTests.swift; sourceTree = "<group>"; };
		E0E44C04256BFF870086F451 /* Info.plist */ = {isa = PBXFileReference; lastKnownFileType = text.plist.xml; path = Info.plist; sourceTree = "<group>"; };
		E0E44C2C256C00C20086F451 /* CoreDataStack.swift */ = {isa = PBXFileReference; lastKnownFileType = sourcecode.swift; path = CoreDataStack.swift; sourceTree = "<group>"; };
		E0E44C33256C02740086F451 /* CoreDataManager.swift */ = {isa = PBXFileReference; lastKnownFileType = sourcecode.swift; path = CoreDataManager.swift; sourceTree = "<group>"; };
		E0E44C39256C03010086F451 /* MokeCoreDataStack.swift */ = {isa = PBXFileReference; lastKnownFileType = sourcecode.swift; path = MokeCoreDataStack.swift; sourceTree = "<group>"; };
		E0E44C41256C04D40086F451 /* DogTest.swift */ = {isa = PBXFileReference; lastKnownFileType = sourcecode.swift; path = DogTest.swift; sourceTree = "<group>"; };
		E0ED833125729617003E6BA2 /* UIAlertController+setValues.swift */ = {isa = PBXFileReference; lastKnownFileType = sourcecode.swift; path = "UIAlertController+setValues.swift"; sourceTree = "<group>"; };
		E0ED833625730C0C003E6BA2 /* LitterViewController.swift */ = {isa = PBXFileReference; lastKnownFileType = sourcecode.swift; path = LitterViewController.swift; sourceTree = "<group>"; };
		E0EFA68A256FEA4100CB2BE6 /* Date+String.swift */ = {isa = PBXFileReference; lastKnownFileType = sourcecode.swift; path = "Date+String.swift"; sourceTree = "<group>"; };
		E0F2568E2571444900D45094 /* TreatementViewController.swift */ = {isa = PBXFileReference; lastKnownFileType = sourcecode.swift; path = TreatementViewController.swift; sourceTree = "<group>"; };
/* End PBXFileReference section */

/* Begin PBXFrameworksBuildPhase section */
		E0E44BE2256BFF860086F451 /* Frameworks */ = {
			isa = PBXFrameworksBuildPhase;
			buildActionMask = 2147483647;
			files = (
			);
			runOnlyForDeploymentPostprocessing = 0;
		};
		E0E44BFB256BFF870086F451 /* Frameworks */ = {
			isa = PBXFrameworksBuildPhase;
			buildActionMask = 2147483647;
			files = (
			);
			runOnlyForDeploymentPostprocessing = 0;
		};
/* End PBXFrameworksBuildPhase section */

/* Begin PBXGroup section */
		E02282C92577E06900AD28DD /* LiiterCell */ = {
			isa = PBXGroup;
			children = (
			);
			path = LiiterCell;
			sourceTree = "<group>";
		};
		E03D7727256FC54E001128F9 /* CreateNewDog */ = {
			isa = PBXGroup;
			children = (
				E0952F63256C280800D09424 /* CreateDogViewController.swift */,
				E0952F6E256C2FAA00D09424 /* PickerViewManager.swift */,
			);
			path = CreateNewDog;
			sourceTree = "<group>";
		};
		E03D7728256FC559001128F9 /* SplitView */ = {
			isa = PBXGroup;
			children = (
				E0ED83422573141F003E6BA2 /* ListDog */,
				E0ED834125731404003E6BA2 /* DetailDog */,
				E0952F87256D204900D09424 /* SplitViewController.swift */,
			);
			path = SplitView;
			sourceTree = "<group>";
		};
		E0BE1EEF2571610E00E9EEFA /* Treatement */ = {
			isa = PBXGroup;
			children = (
				E0F2568E2571444900D45094 /* TreatementViewController.swift */,
				E0BE1EF42571631500E9EEFA /* DetailTreatementViewController.swift */,
				E0BE1EE7257151E200E9EEFA /* CreateTreatementViewController.swift */,
			);
			path = Treatement;
			sourceTree = "<group>";
		};
		E0C8FA75256C0A3E00029BDB /* Cells */ = {
			isa = PBXGroup;
			children = (
				E02282C92577E06900AD28DD /* LiiterCell */,
				E0C8FA76256C0A4300029BDB /* DogMenuCells */,
			);
			path = Cells;
			sourceTree = "<group>";
		};
		E0C8FA76256C0A4300029BDB /* DogMenuCells */ = {
			isa = PBXGroup;
			children = (
				E0C8FA77256C0A9500029BDB /* DogMenuCell.swift */,
				E0C8FA78256C0A9500029BDB /* DogMenuCell.xib */,
			);
			path = DogMenuCells;
			sourceTree = "<group>";
		};
		E0C8FA81256C0B5800029BDB /* Extension */ = {
			isa = PBXGroup;
			children = (
				E0C8FA82256C0B6600029BDB /* ImageView+Helpers.swift */,
				E0952F68256C28B300D09424 /* UIButton+Layer.swift */,
				E0952F76256D0F5400D09424 /* OptionalString+DefaultValue.swift */,
				E0EFA68A256FEA4100CB2BE6 /* Date+String.swift */,
				E0BE1EEB25715A9400E9EEFA /* Notifcation.Name.swift */,
				E0BE1EFA25716F4200E9EEFA /* UIView+Constraints.swift */,
				E0ED833125729617003E6BA2 /* UIAlertController+setValues.swift */,
			);
			path = Extension;
			sourceTree = "<group>";
		};
		E0E44BDC256BFF860086F451 = {
			isa = PBXGroup;
			children = (
				E0E44BE7256BFF860086F451 /* Project Asgard */,
				E0E44C01256BFF870086F451 /* Project AsgardTests */,
				E0E44BE6256BFF860086F451 /* Products */,
			);
			sourceTree = "<group>";
		};
		E0E44BE6256BFF860086F451 /* Products */ = {
			isa = PBXGroup;
			children = (
				E0E44BE5256BFF860086F451 /* Project Asgard.app */,
				E0E44BFE256BFF870086F451 /* Project AsgardTests.xctest */,
			);
			name = Products;
			sourceTree = "<group>";
		};
		E0E44BE7256BFF860086F451 /* Project Asgard */ = {
			isa = PBXGroup;
			children = (
				E0C8FA81256C0B5800029BDB /* Extension */,
				E0E44C27256BFFC20086F451 /* Supported Files */,
				E0E44C26256BFFBB0086F451 /* Controller */,
				E0E44C25256BFFB70086F451 /* View */,
				E0E44C24256BFFB10086F451 /* Model */,
				E0E44BF9256BFF870086F451 /* Info.plist */,
			);
			path = "Project Asgard";
			sourceTree = "<group>";
		};
		E0E44C01256BFF870086F451 /* Project AsgardTests */ = {
			isa = PBXGroup;
			children = (
				E0E44C38256C02F30086F451 /* CoreDataTest */,
				E0E44C02256BFF870086F451 /* Project_AsgardTests.swift */,
				E0E44C04256BFF870086F451 /* Info.plist */,
			);
			path = "Project AsgardTests";
			sourceTree = "<group>";
		};
		E0E44C24256BFFB10086F451 /* Model */ = {
			isa = PBXGroup;
			children = (
				E0E44C28256BFFD10086F451 /* Core Data */,
				E0CDC2762578E4BF008D22CB /* DogSex.swift */,
			);
			path = Model;
			sourceTree = "<group>";
		};
		E0E44C25256BFFB70086F451 /* View */ = {
			isa = PBXGroup;
			children = (
				E0C8FA75256C0A3E00029BDB /* Cells */,
				E0E44BEE256BFF860086F451 /* Main.storyboard */,
				E0E44BF6256BFF870086F451 /* LaunchScreen.storyboard */,
			);
			path = View;
			sourceTree = "<group>";
		};
		E0E44C26256BFFBB0086F451 /* Controller */ = {
			isa = PBXGroup;
			children = (
				E03D7728256FC559001128F9 /* SplitView */,
			);
			path = Controller;
			sourceTree = "<group>";
		};
		E0E44C27256BFFC20086F451 /* Supported Files */ = {
			isa = PBXGroup;
			children = (
				E0E44BE8256BFF860086F451 /* AppDelegate.swift */,
				E0E44BEA256BFF860086F451 /* SceneDelegate.swift */,
				E0E44BF4256BFF870086F451 /* Assets.xcassets */,
				E0C8FA70256C09E900029BDB /* Constants.swift */,
			);
			path = "Supported Files";
			sourceTree = "<group>";
		};
		E0E44C28256BFFD10086F451 /* Core Data */ = {
			isa = PBXGroup;
			children = (
				E0CDC2842578E7A9008D22CB /* Project_Asgard.xcdatamodeld */,
				E0E44C2C256C00C20086F451 /* CoreDataStack.swift */,
				E0E44C33256C02740086F451 /* CoreDataManager.swift */,
			);
			path = "Core Data";
			sourceTree = "<group>";
		};
		E0E44C38256C02F30086F451 /* CoreDataTest */ = {
			isa = PBXGroup;
			children = (
				E0E44C39256C03010086F451 /* MokeCoreDataStack.swift */,
				E0E44C41256C04D40086F451 /* DogTest.swift */,
				E0BE1EE32571480E00E9EEFA /* TreatementTest.swift */,
				E02282BB2577CD1200AD28DD /* Litter&PuppyTest.swift */,
				E07FEE3C257A81480023232E /* Treatement+PuppyTests.swift */,
			);
			path = CoreDataTest;
			sourceTree = "<group>";
		};
		E0ED833525730BFA003E6BA2 /* Litter */ = {
			isa = PBXGroup;
			children = (
				E0ED833625730C0C003E6BA2 /* LitterViewController.swift */,
				E02282C52577DF0100AD28DD /* CreateLitterViewController.swift */,
				E02282D42577F02300AD28DD /* CreatePuppyViewController.swift */,
			);
			name = Litter;
			path = "Portée";
			sourceTree = "<group>";
		};
		E0ED833E257313FB003E6BA2 /* ScrollView */ = {
			isa = PBXGroup;
			children = (
				E0BE1EEF2571610E00E9EEFA /* Treatement */,
				E0ED833525730BFA003E6BA2 /* Litter */,
			);
			path = ScrollView;
			sourceTree = "<group>";
		};
		E0ED834125731404003E6BA2 /* DetailDog */ = {
			isa = PBXGroup;
			children = (
				E0952F7D256D1E5300D09424 /* DetailDogViewController.swift */,
				E0ED833E257313FB003E6BA2 /* ScrollView */,
			);
			path = DetailDog;
			sourceTree = "<group>";
		};
		E0ED83422573141F003E6BA2 /* ListDog */ = {
			isa = PBXGroup;
			children = (
				E03D7727256FC54E001128F9 /* CreateNewDog */,
				E0952F56256C0D9000D09424 /* DogListTableViewController.swift */,
			);
			path = ListDog;
			sourceTree = "<group>";
		};
/* End PBXGroup section */

/* Begin PBXNativeTarget section */
		E0E44BE4256BFF860086F451 /* Project Asgard */ = {
			isa = PBXNativeTarget;
			buildConfigurationList = E0E44C12256BFF870086F451 /* Build configuration list for PBXNativeTarget "Project Asgard" */;
			buildPhases = (
				E0E44BE1256BFF860086F451 /* Sources */,
				E0E44BE2256BFF860086F451 /* Frameworks */,
				E0E44BE3256BFF860086F451 /* Resources */,
			);
			buildRules = (
			);
			dependencies = (
			);
			name = "Project Asgard";
			productName = "Project Asgard";
			productReference = E0E44BE5256BFF860086F451 /* Project Asgard.app */;
			productType = "com.apple.product-type.application";
		};
		E0E44BFD256BFF870086F451 /* Project AsgardTests */ = {
			isa = PBXNativeTarget;
			buildConfigurationList = E0E44C15256BFF870086F451 /* Build configuration list for PBXNativeTarget "Project AsgardTests" */;
			buildPhases = (
				E0E44BFA256BFF870086F451 /* Sources */,
				E0E44BFB256BFF870086F451 /* Frameworks */,
				E0E44BFC256BFF870086F451 /* Resources */,
			);
			buildRules = (
			);
			dependencies = (
				E0E44C00256BFF870086F451 /* PBXTargetDependency */,
			);
			name = "Project AsgardTests";
			productName = "Project AsgardTests";
			productReference = E0E44BFE256BFF870086F451 /* Project AsgardTests.xctest */;
			productType = "com.apple.product-type.bundle.unit-test";
		};
/* End PBXNativeTarget section */

/* Begin PBXProject section */
		E0E44BDD256BFF860086F451 /* Project object */ = {
			isa = PBXProject;
			attributes = {
				LastSwiftUpdateCheck = 1220;
				LastUpgradeCheck = 1220;
				TargetAttributes = {
					E0E44BE4256BFF860086F451 = {
						CreatedOnToolsVersion = 12.2;
					};
					E0E44BFD256BFF870086F451 = {
						CreatedOnToolsVersion = 12.2;
						TestTargetID = E0E44BE4256BFF860086F451;
					};
				};
			};
			buildConfigurationList = E0E44BE0256BFF860086F451 /* Build configuration list for PBXProject "Project Asgard" */;
			compatibilityVersion = "Xcode 9.3";
			developmentRegion = en;
			hasScannedForEncodings = 0;
			knownRegions = (
				en,
				Base,
			);
			mainGroup = E0E44BDC256BFF860086F451;
			productRefGroup = E0E44BE6256BFF860086F451 /* Products */;
			projectDirPath = "";
			projectRoot = "";
			targets = (
				E0E44BE4256BFF860086F451 /* Project Asgard */,
				E0E44BFD256BFF870086F451 /* Project AsgardTests */,
			);
		};
/* End PBXProject section */

/* Begin PBXResourcesBuildPhase section */
		E0E44BE3256BFF860086F451 /* Resources */ = {
			isa = PBXResourcesBuildPhase;
			buildActionMask = 2147483647;
			files = (
				E0E44BF8256BFF870086F451 /* LaunchScreen.storyboard in Resources */,
				E0E44BF5256BFF870086F451 /* Assets.xcassets in Resources */,
				E0E44BF0256BFF860086F451 /* Main.storyboard in Resources */,
				E0C8FA7A256C0A9500029BDB /* DogMenuCell.xib in Resources */,
			);
			runOnlyForDeploymentPostprocessing = 0;
		};
		E0E44BFC256BFF870086F451 /* Resources */ = {
			isa = PBXResourcesBuildPhase;
			buildActionMask = 2147483647;
			files = (
			);
			runOnlyForDeploymentPostprocessing = 0;
		};
/* End PBXResourcesBuildPhase section */

/* Begin PBXSourcesBuildPhase section */
		E0E44BE1256BFF860086F451 /* Sources */ = {
			isa = PBXSourcesBuildPhase;
			buildActionMask = 2147483647;
			files = (
				E0952F7E256D1E5300D09424 /* DetailDogViewController.swift in Sources */,
				E0952F69256C28B300D09424 /* UIButton+Layer.swift in Sources */,
				E0BE1EF52571631500E9EEFA /* DetailTreatementViewController.swift in Sources */,
				E0BE1EFB25716F4200E9EEFA /* UIView+Constraints.swift in Sources */,
				E02282C62577DF0100AD28DD /* CreateLitterViewController.swift in Sources */,
				E0CDC2862578E7A9008D22CB /* Project_Asgard.xcdatamodeld in Sources */,
				E0E44C34256C02740086F451 /* CoreDataManager.swift in Sources */,
				E0F2568F2571444900D45094 /* TreatementViewController.swift in Sources */,
				E0952F6F256C2FAA00D09424 /* PickerViewManager.swift in Sources */,
				E0E44C2D256C00C20086F451 /* CoreDataStack.swift in Sources */,
				E0CDC2772578E4BF008D22CB /* DogSex.swift in Sources */,
				E0952F88256D204900D09424 /* SplitViewController.swift in Sources */,
				E0C8FA79256C0A9500029BDB /* DogMenuCell.swift in Sources */,
				E0952F64256C280800D09424 /* CreateDogViewController.swift in Sources */,
				E0E44BE9256BFF860086F451 /* AppDelegate.swift in Sources */,
				E0952F77256D0F5400D09424 /* OptionalString+DefaultValue.swift in Sources */,
				E0C8FA71256C09E900029BDB /* Constants.swift in Sources */,
				E0ED833725730C0C003E6BA2 /* LitterViewController.swift in Sources */,
				E0C8FA83256C0B6600029BDB /* ImageView+Helpers.swift in Sources */,
				E0BE1EE8257151E200E9EEFA /* CreateTreatementViewController.swift in Sources */,
				E0BE1EEC25715A9400E9EEFA /* Notifcation.Name.swift in Sources */,
				E02282D52577F02300AD28DD /* CreatePuppyViewController.swift in Sources */,
				E0EFA68B256FEA4100CB2BE6 /* Date+String.swift in Sources */,
				E0952F57256C0D9000D09424 /* DogListTableViewController.swift in Sources */,
				E0ED833225729617003E6BA2 /* UIAlertController+setValues.swift in Sources */,
				E0E44BEB256BFF860086F451 /* SceneDelegate.swift in Sources */,
			);
			runOnlyForDeploymentPostprocessing = 0;
		};
		E0E44BFA256BFF870086F451 /* Sources */ = {
			isa = PBXSourcesBuildPhase;
			buildActionMask = 2147483647;
			files = (
				E0BE1EE42571480E00E9EEFA /* TreatementTest.swift in Sources */,
				E07FEE3D257A81480023232E /* Treatement+PuppyTests.swift in Sources */,
				E0E44C42256C04D40086F451 /* DogTest.swift in Sources */,
				E0E44C03256BFF870086F451 /* Project_AsgardTests.swift in Sources */,
				E02282BC2577CD1200AD28DD /* Litter&PuppyTest.swift in Sources */,
				E0E44C3A256C03010086F451 /* MokeCoreDataStack.swift in Sources */,
			);
			runOnlyForDeploymentPostprocessing = 0;
		};
/* End PBXSourcesBuildPhase section */

/* Begin PBXTargetDependency section */
		E0E44C00256BFF870086F451 /* PBXTargetDependency */ = {
			isa = PBXTargetDependency;
			target = E0E44BE4256BFF860086F451 /* Project Asgard */;
			targetProxy = E0E44BFF256BFF870086F451 /* PBXContainerItemProxy */;
		};
/* End PBXTargetDependency section */

/* Begin PBXVariantGroup section */
		E0E44BEE256BFF860086F451 /* Main.storyboard */ = {
			isa = PBXVariantGroup;
			children = (
				E0E44BEF256BFF860086F451 /* Base */,
			);
			name = Main.storyboard;
			sourceTree = "<group>";
		};
		E0E44BF6256BFF870086F451 /* LaunchScreen.storyboard */ = {
			isa = PBXVariantGroup;
			children = (
				E0E44BF7256BFF870086F451 /* Base */,
			);
			name = LaunchScreen.storyboard;
			sourceTree = "<group>";
		};
/* End PBXVariantGroup section */

/* Begin XCBuildConfiguration section */
		E0E44C10256BFF870086F451 /* Debug */ = {
			isa = XCBuildConfiguration;
			buildSettings = {
				ALWAYS_SEARCH_USER_PATHS = NO;
				CLANG_ANALYZER_NONNULL = YES;
				CLANG_ANALYZER_NUMBER_OBJECT_CONVERSION = YES_AGGRESSIVE;
				CLANG_CXX_LANGUAGE_STANDARD = "gnu++14";
				CLANG_CXX_LIBRARY = "libc++";
				CLANG_ENABLE_MODULES = YES;
				CLANG_ENABLE_OBJC_ARC = YES;
				CLANG_ENABLE_OBJC_WEAK = YES;
				CLANG_WARN_BLOCK_CAPTURE_AUTORELEASING = YES;
				CLANG_WARN_BOOL_CONVERSION = YES;
				CLANG_WARN_COMMA = YES;
				CLANG_WARN_CONSTANT_CONVERSION = YES;
				CLANG_WARN_DEPRECATED_OBJC_IMPLEMENTATIONS = YES;
				CLANG_WARN_DIRECT_OBJC_ISA_USAGE = YES_ERROR;
				CLANG_WARN_DOCUMENTATION_COMMENTS = YES;
				CLANG_WARN_EMPTY_BODY = YES;
				CLANG_WARN_ENUM_CONVERSION = YES;
				CLANG_WARN_INFINITE_RECURSION = YES;
				CLANG_WARN_INT_CONVERSION = YES;
				CLANG_WARN_NON_LITERAL_NULL_CONVERSION = YES;
				CLANG_WARN_OBJC_IMPLICIT_RETAIN_SELF = YES;
				CLANG_WARN_OBJC_LITERAL_CONVERSION = YES;
				CLANG_WARN_OBJC_ROOT_CLASS = YES_ERROR;
				CLANG_WARN_QUOTED_INCLUDE_IN_FRAMEWORK_HEADER = YES;
				CLANG_WARN_RANGE_LOOP_ANALYSIS = YES;
				CLANG_WARN_STRICT_PROTOTYPES = YES;
				CLANG_WARN_SUSPICIOUS_MOVE = YES;
				CLANG_WARN_UNGUARDED_AVAILABILITY = YES_AGGRESSIVE;
				CLANG_WARN_UNREACHABLE_CODE = YES;
				CLANG_WARN__DUPLICATE_METHOD_MATCH = YES;
				COPY_PHASE_STRIP = NO;
				DEBUG_INFORMATION_FORMAT = dwarf;
				ENABLE_STRICT_OBJC_MSGSEND = YES;
				ENABLE_TESTABILITY = YES;
				GCC_C_LANGUAGE_STANDARD = gnu11;
				GCC_DYNAMIC_NO_PIC = NO;
				GCC_NO_COMMON_BLOCKS = YES;
				GCC_OPTIMIZATION_LEVEL = 0;
				GCC_PREPROCESSOR_DEFINITIONS = (
					"DEBUG=1",
					"$(inherited)",
				);
				GCC_WARN_64_TO_32_BIT_CONVERSION = YES;
				GCC_WARN_ABOUT_RETURN_TYPE = YES_ERROR;
				GCC_WARN_UNDECLARED_SELECTOR = YES;
				GCC_WARN_UNINITIALIZED_AUTOS = YES_AGGRESSIVE;
				GCC_WARN_UNUSED_FUNCTION = YES;
				GCC_WARN_UNUSED_VARIABLE = YES;
				IPHONEOS_DEPLOYMENT_TARGET = 11.0;
				MTL_ENABLE_DEBUG_INFO = INCLUDE_SOURCE;
				MTL_FAST_MATH = YES;
				ONLY_ACTIVE_ARCH = YES;
				SDKROOT = iphoneos;
				SWIFT_ACTIVE_COMPILATION_CONDITIONS = DEBUG;
				SWIFT_OPTIMIZATION_LEVEL = "-Onone";
			};
			name = Debug;
		};
		E0E44C11256BFF870086F451 /* Release */ = {
			isa = XCBuildConfiguration;
			buildSettings = {
				ALWAYS_SEARCH_USER_PATHS = NO;
				CLANG_ANALYZER_NONNULL = YES;
				CLANG_ANALYZER_NUMBER_OBJECT_CONVERSION = YES_AGGRESSIVE;
				CLANG_CXX_LANGUAGE_STANDARD = "gnu++14";
				CLANG_CXX_LIBRARY = "libc++";
				CLANG_ENABLE_MODULES = YES;
				CLANG_ENABLE_OBJC_ARC = YES;
				CLANG_ENABLE_OBJC_WEAK = YES;
				CLANG_WARN_BLOCK_CAPTURE_AUTORELEASING = YES;
				CLANG_WARN_BOOL_CONVERSION = YES;
				CLANG_WARN_COMMA = YES;
				CLANG_WARN_CONSTANT_CONVERSION = YES;
				CLANG_WARN_DEPRECATED_OBJC_IMPLEMENTATIONS = YES;
				CLANG_WARN_DIRECT_OBJC_ISA_USAGE = YES_ERROR;
				CLANG_WARN_DOCUMENTATION_COMMENTS = YES;
				CLANG_WARN_EMPTY_BODY = YES;
				CLANG_WARN_ENUM_CONVERSION = YES;
				CLANG_WARN_INFINITE_RECURSION = YES;
				CLANG_WARN_INT_CONVERSION = YES;
				CLANG_WARN_NON_LITERAL_NULL_CONVERSION = YES;
				CLANG_WARN_OBJC_IMPLICIT_RETAIN_SELF = YES;
				CLANG_WARN_OBJC_LITERAL_CONVERSION = YES;
				CLANG_WARN_OBJC_ROOT_CLASS = YES_ERROR;
				CLANG_WARN_QUOTED_INCLUDE_IN_FRAMEWORK_HEADER = YES;
				CLANG_WARN_RANGE_LOOP_ANALYSIS = YES;
				CLANG_WARN_STRICT_PROTOTYPES = YES;
				CLANG_WARN_SUSPICIOUS_MOVE = YES;
				CLANG_WARN_UNGUARDED_AVAILABILITY = YES_AGGRESSIVE;
				CLANG_WARN_UNREACHABLE_CODE = YES;
				CLANG_WARN__DUPLICATE_METHOD_MATCH = YES;
				COPY_PHASE_STRIP = NO;
				DEBUG_INFORMATION_FORMAT = "dwarf-with-dsym";
				ENABLE_NS_ASSERTIONS = NO;
				ENABLE_STRICT_OBJC_MSGSEND = YES;
				GCC_C_LANGUAGE_STANDARD = gnu11;
				GCC_NO_COMMON_BLOCKS = YES;
				GCC_WARN_64_TO_32_BIT_CONVERSION = YES;
				GCC_WARN_ABOUT_RETURN_TYPE = YES_ERROR;
				GCC_WARN_UNDECLARED_SELECTOR = YES;
				GCC_WARN_UNINITIALIZED_AUTOS = YES_AGGRESSIVE;
				GCC_WARN_UNUSED_FUNCTION = YES;
				GCC_WARN_UNUSED_VARIABLE = YES;
				IPHONEOS_DEPLOYMENT_TARGET = 11.0;
				MTL_ENABLE_DEBUG_INFO = NO;
				MTL_FAST_MATH = YES;
				SDKROOT = iphoneos;
				SWIFT_COMPILATION_MODE = wholemodule;
				SWIFT_OPTIMIZATION_LEVEL = "-O";
				VALIDATE_PRODUCT = YES;
			};
			name = Release;
		};
		E0E44C13256BFF870086F451 /* Debug */ = {
			isa = XCBuildConfiguration;
			buildSettings = {
				ASSETCATALOG_COMPILER_APPICON_NAME = AppIcon;
				ASSETCATALOG_COMPILER_GLOBAL_ACCENT_COLOR_NAME = AccentColor;
				CODE_SIGN_STYLE = Automatic;
				DEVELOPMENT_TEAM = V6M3YC3LQG;
				INFOPLIST_FILE = "Project Asgard/Info.plist";
				LD_RUNPATH_SEARCH_PATHS = (
					"$(inherited)",
					"@executable_path/Frameworks",
				);
				PRODUCT_BUNDLE_IDENTIFIER = "com.mickaelruzel.Project-Asgard";
				PRODUCT_NAME = "$(TARGET_NAME)";
				SWIFT_VERSION = 5.0;
				TARGETED_DEVICE_FAMILY = "1,2";
			};
			name = Debug;
		};
		E0E44C14256BFF870086F451 /* Release */ = {
			isa = XCBuildConfiguration;
			buildSettings = {
				ASSETCATALOG_COMPILER_APPICON_NAME = AppIcon;
				ASSETCATALOG_COMPILER_GLOBAL_ACCENT_COLOR_NAME = AccentColor;
				CODE_SIGN_STYLE = Automatic;
				DEVELOPMENT_TEAM = V6M3YC3LQG;
				INFOPLIST_FILE = "Project Asgard/Info.plist";
				LD_RUNPATH_SEARCH_PATHS = (
					"$(inherited)",
					"@executable_path/Frameworks",
				);
				PRODUCT_BUNDLE_IDENTIFIER = "com.mickaelruzel.Project-Asgard";
				PRODUCT_NAME = "$(TARGET_NAME)";
				SWIFT_VERSION = 5.0;
				TARGETED_DEVICE_FAMILY = "1,2";
			};
			name = Release;
		};
		E0E44C16256BFF870086F451 /* Debug */ = {
			isa = XCBuildConfiguration;
			buildSettings = {
				ALWAYS_EMBED_SWIFT_STANDARD_LIBRARIES = YES;
				BUNDLE_LOADER = "$(TEST_HOST)";
				CODE_SIGN_STYLE = Automatic;
				DEVELOPMENT_TEAM = V6M3YC3LQG;
				INFOPLIST_FILE = "Project AsgardTests/Info.plist";
				IPHONEOS_DEPLOYMENT_TARGET = 14.2;
				LD_RUNPATH_SEARCH_PATHS = (
					"$(inherited)",
					"@executable_path/Frameworks",
					"@loader_path/Frameworks",
				);
				PRODUCT_BUNDLE_IDENTIFIER = "com.mickaelruzel.Project-AsgardTests";
				PRODUCT_NAME = "$(TARGET_NAME)";
				SWIFT_VERSION = 5.0;
				TARGETED_DEVICE_FAMILY = "1,2";
				TEST_HOST = "$(BUILT_PRODUCTS_DIR)/Project Asgard.app/Project Asgard";
			};
			name = Debug;
		};
		E0E44C17256BFF870086F451 /* Release */ = {
			isa = XCBuildConfiguration;
			buildSettings = {
				ALWAYS_EMBED_SWIFT_STANDARD_LIBRARIES = YES;
				BUNDLE_LOADER = "$(TEST_HOST)";
				CODE_SIGN_STYLE = Automatic;
				DEVELOPMENT_TEAM = V6M3YC3LQG;
				INFOPLIST_FILE = "Project AsgardTests/Info.plist";
				IPHONEOS_DEPLOYMENT_TARGET = 14.2;
				LD_RUNPATH_SEARCH_PATHS = (
					"$(inherited)",
					"@executable_path/Frameworks",
					"@loader_path/Frameworks",
				);
				PRODUCT_BUNDLE_IDENTIFIER = "com.mickaelruzel.Project-AsgardTests";
				PRODUCT_NAME = "$(TARGET_NAME)";
				SWIFT_VERSION = 5.0;
				TARGETED_DEVICE_FAMILY = "1,2";
				TEST_HOST = "$(BUILT_PRODUCTS_DIR)/Project Asgard.app/Project Asgard";
			};
			name = Release;
		};
/* End XCBuildConfiguration section */

/* Begin XCConfigurationList section */
		E0E44BE0256BFF860086F451 /* Build configuration list for PBXProject "Project Asgard" */ = {
			isa = XCConfigurationList;
			buildConfigurations = (
				E0E44C10256BFF870086F451 /* Debug */,
				E0E44C11256BFF870086F451 /* Release */,
			);
			defaultConfigurationIsVisible = 0;
			defaultConfigurationName = Release;
		};
		E0E44C12256BFF870086F451 /* Build configuration list for PBXNativeTarget "Project Asgard" */ = {
			isa = XCConfigurationList;
			buildConfigurations = (
				E0E44C13256BFF870086F451 /* Debug */,
				E0E44C14256BFF870086F451 /* Release */,
			);
			defaultConfigurationIsVisible = 0;
			defaultConfigurationName = Release;
		};
		E0E44C15256BFF870086F451 /* Build configuration list for PBXNativeTarget "Project AsgardTests" */ = {
			isa = XCConfigurationList;
			buildConfigurations = (
				E0E44C16256BFF870086F451 /* Debug */,
				E0E44C17256BFF870086F451 /* Release */,
			);
			defaultConfigurationIsVisible = 0;
			defaultConfigurationName = Release;
		};
/* End XCConfigurationList section */

/* Begin XCVersionGroup section */
		E0CDC2842578E7A9008D22CB /* Project_Asgard.xcdatamodeld */ = {
			isa = XCVersionGroup;
			children = (
				E0CDC2852578E7A9008D22CB /* Project_Asgard.xcdatamodel */,
			);
			currentVersion = E0CDC2852578E7A9008D22CB /* Project_Asgard.xcdatamodel */;
			path = Project_Asgard.xcdatamodeld;
			sourceTree = "<group>";
			versionGroupType = wrapper.xcdatamodel;
		};
/* End XCVersionGroup section */
	};
	rootObject = E0E44BDD256BFF860086F451 /* Project object */;
}
